
Microsoft Visual Studio Solution File, Format Version 12.00
# Visual Studio Version 17
VisualStudioVersion = 17.4.33213.308
MinimumVisualStudioVersion = 10.0.40219.1
Project("{FAE04EC0-301F-11D3-BF4B-00C04F79EFBC}") = "01.ReadText", "01.ReadText\01.ReadText.csproj", "{48A65919-1F72-44BF-93A2-E8958ABD8E93}"
EndProject
Project("{FAE04EC0-301F-11D3-BF4B-00C04F79EFBC}") = "02.Password", "02.Password\02.Password.csproj", "{0C7C0CBE-AE43-425C-BDD9-41ED34C5463F}"
EndProject
Project("{FAE04EC0-301F-11D3-BF4B-00C04F79EFBC}") = "03.SumNumbers", "03.SumNumbers\03.SumNumbers.csproj", "{0FF2CD45-C71B-4A26-AC26-7CE988D0D2FB}"
EndProject
Project("{FAE04EC0-301F-11D3-BF4B-00C04F79EFBC}") = "04.Sequence2kPlus1", "04.Sequence2kPlus1\04.Sequence2kPlus1.csproj", "{6B6550A8-85FA-475A-B797-7C249FCD5856}"
EndProject
Project("{FAE04EC0-301F-11D3-BF4B-00C04F79EFBC}") = "05.AccountBalance", "05.AccountBalance\05.AccountBalance.csproj", "{113614B7-135F-4166-8994-E88E619061B1}"
EndProject
Project("{FAE04EC0-301F-11D3-BF4B-00C04F79EFBC}") = "06.MaxNumber", "06.MaxNumber\06.MaxNumber.csproj", "{7B06D11F-62F6-4DA6-A820-71671A690F22}"
EndProject
Project("{FAE04EC0-301F-11D3-BF4B-00C04F79EFBC}") = "07.MinNumber", "07.MinNumber\07.MinNumber.csproj", "{22A5B2B8-74CF-4DC7-886F-341FE5E978BF}"
EndProject
Project("{FAE04EC0-301F-11D3-BF4B-00C04F79EFBC}") = "08.Graduation", "08.Graduation\08.Graduation.csproj", "{11406C14-8A47-40F6-9C6E-D7D80E8AE0D6}"
EndProject
Global
	GlobalSection(SolutionConfigurationPlatforms) = preSolution
		Debug|Any CPU = Debug|Any CPU
		Release|Any CPU = Release|Any CPU
	EndGlobalSection
	GlobalSection(ProjectConfigurationPlatforms) = postSolution
		{48A65919-1F72-44BF-93A2-E8958ABD8E93}.Debug|Any CPU.ActiveCfg = Debug|Any CPU
		{48A65919-1F72-44BF-93A2-E8958ABD8E93}.Debug|Any CPU.Build.0 = Debug|Any CPU
		{48A65919-1F72-44BF-93A2-E8958ABD8E93}.Release|Any CPU.ActiveCfg = Release|Any CPU
		{48A65919-1F72-44BF-93A2-E8958ABD8E93}.Release|Any CPU.Build.0 = Release|Any CPU
		{0C7C0CBE-AE43-425C-BDD9-41ED34C5463F}.Debug|Any CPU.ActiveCfg = Debug|Any CPU
		{0C7C0CBE-AE43-425C-BDD9-41ED34C5463F}.Debug|Any CPU.Build.0 = Debug|Any CPU
		{0C7C0CBE-AE43-425C-BDD9-41ED34C5463F}.Release|Any CPU.ActiveCfg = Release|Any CPU
		{0C7C0CBE-AE43-425C-BDD9-41ED34C5463F}.Release|Any CPU.Build.0 = Release|Any CPU
		{0FF2CD45-C71B-4A26-AC26-7CE988D0D2FB}.Debug|Any CPU.ActiveCfg = Debug|Any CPU
		{0FF2CD45-C71B-4A26-AC26-7CE988D0D2FB}.Debug|Any CPU.Build.0 = Debug|Any CPU
		{0FF2CD45-C71B-4A26-AC26-7CE988D0D2FB}.Release|Any CPU.ActiveCfg = Release|Any CPU
		{0FF2CD45-C71B-4A26-AC26-7CE988D0D2FB}.Release|Any CPU.Build.0 = Release|Any CPU
		{6B6550A8-85FA-475A-B797-7C249FCD5856}.Debug|Any CPU.ActiveCfg = Debug|Any CPU
		{6B6550A8-85FA-475A-B797-7C249FCD5856}.Debug|Any CPU.Build.0 = Debug|Any CPU
		{6B6550A8-85FA-475A-B797-7C249FCD5856}.Release|Any CPU.ActiveCfg = Release|Any CPU
		{6B6550A8-85FA-475A-B797-7C249FCD5856}.Release|Any CPU.Build.0 = Release|Any CPU
		{113614B7-135F-4166-8994-E88E619061B1}.Debug|Any CPU.ActiveCfg = Debug|Any CPU
		{113614B7-135F-4166-8994-E88E619061B1}.Debug|Any CPU.Build.0 = Debug|Any CPU
		{113614B7-135F-4166-8994-E88E619061B1}.Release|Any CPU.ActiveCfg = Release|Any CPU
		{113614B7-135F-4166-8994-E88E619061B1}.Release|Any CPU.Build.0 = Release|Any CPU
		{7B06D11F-62F6-4DA6-A820-71671A690F22}.Debug|Any CPU.ActiveCfg = Debug|Any CPU
		{7B06D11F-62F6-4DA6-A820-71671A690F22}.Debug|Any CPU.Build.0 = Debug|Any CPU
		{7B06D11F-62F6-4DA6-A820-71671A690F22}.Release|Any CPU.ActiveCfg = Release|Any CPU
		{7B06D11F-62F6-4DA6-A820-71671A690F22}.Release|Any CPU.Build.0 = Release|Any CPU
		{22A5B2B8-74CF-4DC7-886F-341FE5E978BF}.Debug|Any CPU.ActiveCfg = Debug|Any CPU
		{22A5B2B8-74CF-4DC7-886F-341FE5E978BF}.Debug|Any CPU.Build.0 = Debug|Any CPU
		{22A5B2B8-74CF-4DC7-886F-341FE5E978BF}.Release|Any CPU.ActiveCfg = Release|Any CPU
		{22A5B2B8-74CF-4DC7-886F-341FE5E978BF}.Release|Any CPU.Build.0 = Release|Any CPU
		{11406C14-8A47-40F6-9C6E-D7D80E8AE0D6}.Debug|Any CPU.ActiveCfg = Debug|Any CPU
		{11406C14-8A47-40F6-9C6E-D7D80E8AE0D6}.Debug|Any CPU.Build.0 = Debug|Any CPU
		{11406C14-8A47-40F6-9C6E-D7D80E8AE0D6}.Release|Any CPU.ActiveCfg = Release|Any CPU
		{11406C14-8A47-40F6-9C6E-D7D80E8AE0D6}.Release|Any CPU.Build.0 = Release|Any CPU
	EndGlobalSection
	GlobalSection(SolutionProperties) = preSolution
		HideSolutionNode = FALSE
	EndGlobalSection
	GlobalSection(ExtensibilityGlobals) = postSolution
		SolutionGuid = {BD832208-65A6-47CE-A4DE-A8121CC6B44C}
	EndGlobalSection
EndGlobal
