
Microsoft Visual Studio Solution File, Format Version 12.00
# Visual Studio Version 17
VisualStudioVersion = 17.4.33213.308
MinimumVisualStudioVersion = 10.0.40219.1
Project("{FAE04EC0-301F-11D3-BF4B-00C04F79EFBC}") = "01.Dishwasher", "01.Dishwasher\01.Dishwasher.csproj", "{73B2B5BA-D1B2-47F8-A87E-9D5103D9C456}"
EndProject
Project("{FAE04EC0-301F-11D3-BF4B-00C04F79EFBC}") = "02.ReportSystem", "02.ReportSystem\02.ReportSystem.csproj", "{19D8A1D1-CD5C-43B4-ABAC-2680737BC8F2}"
EndProject
Project("{FAE04EC0-301F-11D3-BF4B-00C04F79EFBC}") = "03.StreamOfLetters", "03.StreamOfLetters\03.StreamOfLetters.csproj", "{F8BDD00D-3B69-4D38-A2DF-343276B076FB}"
EndProject
Project("{FAE04EC0-301F-11D3-BF4B-00C04F79EFBC}") = "04.NumbersDividedBy3WithoutReminder", "04.NumbersDividedBy3WithoutReminder\04.NumbersDividedBy3WithoutReminder.csproj", "{5EAD6553-FF38-433B-8811-D081D52A59CF}"
EndProject
Project("{FAE04EC0-301F-11D3-BF4B-00C04F79EFBC}") = "05.AverageNumber", "05.AverageNumber\05.AverageNumber.csproj", "{975B13FF-80CD-4A89-A64C-F8309C7B6DA5}"
EndProject
Global
	GlobalSection(SolutionConfigurationPlatforms) = preSolution
		Debug|Any CPU = Debug|Any CPU
		Release|Any CPU = Release|Any CPU
	EndGlobalSection
	GlobalSection(ProjectConfigurationPlatforms) = postSolution
		{73B2B5BA-D1B2-47F8-A87E-9D5103D9C456}.Debug|Any CPU.ActiveCfg = Debug|Any CPU
		{73B2B5BA-D1B2-47F8-A87E-9D5103D9C456}.Debug|Any CPU.Build.0 = Debug|Any CPU
		{73B2B5BA-D1B2-47F8-A87E-9D5103D9C456}.Release|Any CPU.ActiveCfg = Release|Any CPU
		{73B2B5BA-D1B2-47F8-A87E-9D5103D9C456}.Release|Any CPU.Build.0 = Release|Any CPU
		{19D8A1D1-CD5C-43B4-ABAC-2680737BC8F2}.Debug|Any CPU.ActiveCfg = Debug|Any CPU
		{19D8A1D1-CD5C-43B4-ABAC-2680737BC8F2}.Debug|Any CPU.Build.0 = Debug|Any CPU
		{19D8A1D1-CD5C-43B4-ABAC-2680737BC8F2}.Release|Any CPU.ActiveCfg = Release|Any CPU
		{19D8A1D1-CD5C-43B4-ABAC-2680737BC8F2}.Release|Any CPU.Build.0 = Release|Any CPU
		{F8BDD00D-3B69-4D38-A2DF-343276B076FB}.Debug|Any CPU.ActiveCfg = Debug|Any CPU
		{F8BDD00D-3B69-4D38-A2DF-343276B076FB}.Debug|Any CPU.Build.0 = Debug|Any CPU
		{F8BDD00D-3B69-4D38-A2DF-343276B076FB}.Release|Any CPU.ActiveCfg = Release|Any CPU
		{F8BDD00D-3B69-4D38-A2DF-343276B076FB}.Release|Any CPU.Build.0 = Release|Any CPU
		{5EAD6553-FF38-433B-8811-D081D52A59CF}.Debug|Any CPU.ActiveCfg = Debug|Any CPU
		{5EAD6553-FF38-433B-8811-D081D52A59CF}.Debug|Any CPU.Build.0 = Debug|Any CPU
		{5EAD6553-FF38-433B-8811-D081D52A59CF}.Release|Any CPU.ActiveCfg = Release|Any CPU
		{5EAD6553-FF38-433B-8811-D081D52A59CF}.Release|Any CPU.Build.0 = Release|Any CPU
		{975B13FF-80CD-4A89-A64C-F8309C7B6DA5}.Debug|Any CPU.ActiveCfg = Debug|Any CPU
		{975B13FF-80CD-4A89-A64C-F8309C7B6DA5}.Debug|Any CPU.Build.0 = Debug|Any CPU
		{975B13FF-80CD-4A89-A64C-F8309C7B6DA5}.Release|Any CPU.ActiveCfg = Release|Any CPU
		{975B13FF-80CD-4A89-A64C-F8309C7B6DA5}.Release|Any CPU.Build.0 = Release|Any CPU
	EndGlobalSection
	GlobalSection(SolutionProperties) = preSolution
		HideSolutionNode = FALSE
	EndGlobalSection
	GlobalSection(ExtensibilityGlobals) = postSolution
		SolutionGuid = {D88A0895-E47B-4DA5-AC58-730FEAA5ED37}
	EndGlobalSection
EndGlobal
